schema: '2.0'
stages:
  extract_dwight@2025-01-07-reward-type_medium_cst-rtt-dco:
    cmd: python scripts/extract_trial_frame.py --path 
      data/dwight/2025-01-07/Dwight_2025-01-07_reward-type_medium_cst-rtt-dco_sorted.mat
      --out 
      results/dwight/2025-01-07/Dwight_2025-01-07_reward-type_medium_cst-rtt-dco_tf.pkl
      --block reward-type_medium_cst-rtt-dco --bin_size 10ms
    deps:
    - path: 
        data/dwight/2025-01-07/Dwight_2025-01-07_reward-type_medium_cst-rtt-dco_sorted.mat
      hash: md5
      md5: ff17229ed7166de03a6d8a95c5d43f70
      size: 357282032
    params:
      params.yaml:
        extract.bin_size: 10ms
    outs:
    - path: 
        results/dwight/2025-01-07/Dwight_2025-01-07_reward-type_medium_cst-rtt-dco_tf.pkl
      hash: md5
      md5: d46b5e190d5729b5a8b27058f91e1d19
      size: 57849219
  extract_dwight@2025-01-07-reward-type_medium-large_cst-rtt-dco:
    cmd: python scripts/extract_trial_frame.py --path 
      data/dwight/2025-01-07/Dwight_2025-01-07_reward-type_medium-large_cst-rtt-dco_sorted.mat
      --out 
      results/dwight/2025-01-07/Dwight_2025-01-07_reward-type_medium-large_cst-rtt-dco_tf.pkl
      --block reward-type_medium-large_cst-rtt-dco --bin_size 10ms
    deps:
    - path: 
        data/dwight/2025-01-07/Dwight_2025-01-07_reward-type_medium-large_cst-rtt-dco_sorted.mat
      hash: md5
      md5: 6ebab48109d40b8a66355172b0826861
      size: 1501593328
      isexec: true
    params:
      params.yaml:
        extract.bin_size: 10ms
    outs:
    - path: 
        results/dwight/2025-01-07/Dwight_2025-01-07_reward-type_medium-large_cst-rtt-dco_tf.pkl
      hash: md5
      md5: 042d6dbbc9335a7aa26e61d5e549c63d
      size: 170816964
  extract_dwight@2025-01-07-reward-type-choice:
    cmd: python scripts/extract_trial_frame.py 
      /Users/raeed/Library/CloudStorage/OneDrive-UniversityofPittsburgh/0-projects/cst-rtt/cst-data/smile_format/Dwight/2025-01-07/Dwight_2025-01-07_reward-type-choice_sorted.mat
      --out 
      data/trialframe/Dwight/2025-01-07/blocks/Dwight_2025-01-07_reward-type-choice_tf.parquet
      --block reward-type-choice --logdir logs --loglevel INFO --bin_size 10ms --min_firing_rate
      0.1 --max_spike_coincidence 0.2 --rate_artifact_threshold 350
    deps:
    - path: 
        /Users/raeed/Library/CloudStorage/OneDrive-UniversityofPittsburgh/0-projects/cst-rtt/cst-data/smile_format/Dwight/2025-01-07/Dwight_2025-01-07_reward-type-choice_sorted.mat
      hash: md5
      md5: bc01f906a700ba664a6a1abb43479976
      size: 532558654
      isexec: true
    - path: /Users/raeed/codebase/0-projects/smile-extraction/smile_extract
      hash: md5
      md5: 709e574e715a99045ea28ab465a5b1e0.dir
      size: 83276
      nfiles: 27
    - path: scripts/extract_trial_frame.py
      hash: md5
      md5: 9b04ca62fea980ecb91c207c0569b490
      size: 2677
    - path: src/
      hash: md5
      md5: 5bc52eadbcc2240e4a3e0d013ce299e5.dir
      size: 75012
      nfiles: 18
    params:
      params.yaml:
        extract:
          bin_size: 10ms
          min_firing_rate: 0.1
          max_spike_coincidence: 0.2
          rate_artifact_threshold: 350
        logging:
          logdir: logs
          loglevel: INFO
    outs:
    - path: 
        data/trialframe/Dwight/2025-01-07/blocks/Dwight_2025-01-07_reward-type-choice_tf.parquet
      hash: md5
      md5: 9f197587076cf53b34d0bf92efb0a14d
      size: 3558562
    - path: logs/extract/Dwight_2025-01-07_reward-type-choice_tf.log
      hash: md5
      md5: 2e04ad7aa0728ec3e5d7c929fced1cf3
      size: 911
  extract_dwight@2025-01-07-reward-type-medium-cst-rtt-dco:
    cmd: python scripts/extract_trial_frame.py 
      /Users/raeed/Library/CloudStorage/OneDrive-UniversityofPittsburgh/0-projects/cst-rtt/cst-data/smile_format/Dwight/2025-01-07/Dwight_2025-01-07_reward-type-medium-cst-rtt-dco_sorted.mat
      --out 
      data/trialframe/Dwight/2025-01-07/blocks/Dwight_2025-01-07_reward-type-medium-cst-rtt-dco_tf.parquet
      --block reward-type-medium-cst-rtt-dco --logdir logs --loglevel INFO --bin_size
      10ms --min_firing_rate 0.1 --max_spike_coincidence 0.2 --rate_artifact_threshold
      350
    deps:
    - path: 
        /Users/raeed/Library/CloudStorage/OneDrive-UniversityofPittsburgh/0-projects/cst-rtt/cst-data/smile_format/Dwight/2025-01-07/Dwight_2025-01-07_reward-type-medium-cst-rtt-dco_sorted.mat
      hash: md5
      md5: ff17229ed7166de03a6d8a95c5d43f70
      size: 357282032
      isexec: true
    - path: /Users/raeed/codebase/0-projects/smile-extraction/smile_extract
      hash: md5
      md5: 709e574e715a99045ea28ab465a5b1e0.dir
      size: 83276
      nfiles: 27
    - path: scripts/extract_trial_frame.py
      hash: md5
      md5: 9b04ca62fea980ecb91c207c0569b490
      size: 2677
    - path: src/
      hash: md5
      md5: 5bc52eadbcc2240e4a3e0d013ce299e5.dir
      size: 75012
      nfiles: 18
    params:
      params.yaml:
        extract:
          bin_size: 10ms
          min_firing_rate: 0.1
          max_spike_coincidence: 0.2
          rate_artifact_threshold: 350
        logging:
          logdir: logs
          loglevel: INFO
    outs:
    - path: 
        data/trialframe/Dwight/2025-01-07/blocks/Dwight_2025-01-07_reward-type-medium-cst-rtt-dco_tf.parquet
      hash: md5
      md5: 8fa332231dc58a3dbce75911706ff036
      size: 2655531
    - path: logs/extract/Dwight_2025-01-07_reward-type-medium-cst-rtt-dco_tf.log
      hash: md5
      md5: 07ea5ed3b1d680d4896ea1827de875a7
      size: 947
  extract_dwight@2025-01-07-reward-type-medium-large-cst-rtt-dco:
    cmd: python scripts/extract_trial_frame.py 
      /Users/raeed/Library/CloudStorage/OneDrive-UniversityofPittsburgh/0-projects/cst-rtt/cst-data/smile_format/Dwight/2025-01-07/Dwight_2025-01-07_reward-type-medium-large-cst-rtt-dco_sorted.mat
      --out 
      data/trialframe/Dwight/2025-01-07/blocks/Dwight_2025-01-07_reward-type-medium-large-cst-rtt-dco_tf.parquet
      --block reward-type-medium-large-cst-rtt-dco --logdir logs --loglevel INFO --bin_size
      10ms --min_firing_rate 0.1 --max_spike_coincidence 0.2 --rate_artifact_threshold
      350
    deps:
    - path: 
        /Users/raeed/Library/CloudStorage/OneDrive-UniversityofPittsburgh/0-projects/cst-rtt/cst-data/smile_format/Dwight/2025-01-07/Dwight_2025-01-07_reward-type-medium-large-cst-rtt-dco_sorted.mat
      hash: md5
      md5: 6ebab48109d40b8a66355172b0826861
      size: 1501593328
      isexec: true
    - path: /Users/raeed/codebase/0-projects/smile-extraction/smile_extract
      hash: md5
      md5: 709e574e715a99045ea28ab465a5b1e0.dir
      size: 83276
      nfiles: 27
    - path: scripts/extract_trial_frame.py
      hash: md5
      md5: 9b04ca62fea980ecb91c207c0569b490
      size: 2677
    - path: src/
      hash: md5
      md5: 5bc52eadbcc2240e4a3e0d013ce299e5.dir
      size: 75012
      nfiles: 18
    params:
      params.yaml:
        extract:
          bin_size: 10ms
          min_firing_rate: 0.1
          max_spike_coincidence: 0.2
          rate_artifact_threshold: 350
        logging:
          logdir: logs
          loglevel: INFO
    outs:
    - path: 
        data/trialframe/Dwight/2025-01-07/blocks/Dwight_2025-01-07_reward-type-medium-large-cst-rtt-dco_tf.parquet
      hash: md5
      md5: 7b5fa15016c4bca050c4035f916bcb89
      size: 7329167
    - path: logs/extract/Dwight_2025-01-07_reward-type-medium-large-cst-rtt-dco_tf.log
      hash: md5
      md5: e162f91b2057b98d529ed312fc37b10e
      size: 965
  combine_session@0:
    cmd: python scripts/combine_session.py data/trialframe/Prez/2022-07-21/blocks/
      --out data/trialframe/Prez/2022-07-21/Prez_2022-07-21_tf.parquet --logdir logs
      --loglevel INFO
    deps:
    - path: data/trialframe/Prez/2022-07-21/blocks/
      hash: md5
      md5: 79a179208db0ea6a1c5c7009498c3758.dir
      size: 10734372
      nfiles: 2
    - path: scripts/combine_session.py
      hash: md5
      md5: 91e9651e49fd16de9262c1f70e84047d
      size: 1623
    params:
      params.yaml:
        logging:
          logdir: logs
          loglevel: INFO
    outs:
    - path: data/trialframe/Prez/2022-07-21/Prez_2022-07-21_tf.parquet
      hash: md5
      md5: b24ed58b046c38e40f6ccc32a3790160
      size: 10734307
    - path: logs/combine/Prez_2022-07-21_tf.log
      hash: md5
      md5: b1a68fbc02b5770856acfe3d17fa456e
      size: 177
  context_axis@0:
    cmd: python scripts/get_context_axis.py data/trialframe/Prez/2022-07-21/Prez_2022-07-21_tf.parquet
      --out results/context_axis/Prez/2022-07-21/Prez_2022-07-21_context_axis.svg
      --logdir logs --loglevel INFO
    deps:
    - path: data/trialframe/Prez/2022-07-21/Prez_2022-07-21_tf.parquet
      hash: md5
      md5: b24ed58b046c38e40f6ccc32a3790160
      size: 10734307
    - path: scripts/get_context_axis.py
      hash: md5
      md5: dace6785a22b676254fb1c55e1491d53
      size: 3948
    - path: src/
      hash: md5
      md5: c7736160c8c335293d383d7102992e31.dir
      size: 75100
      nfiles: 18
    params:
      params.yaml:
        logging:
          logdir: logs
          loglevel: INFO
    outs:
    - path: logs/context_axis/Prez_2022-07-21_context_axis.log
      hash: md5
      md5: 7a2a7f12fdc0751f528cf85f883679ff
      size: 241
    - path: results/context_axis/Prez/2022-07-21/Prez_2022-07-21_context_axis.svg
      hash: md5
      md5: 4df6788ab69e4d58386bb51945e9eb6f
      size: 1013713
  extract_dwight@2025-01-01-reward-type-medium-cst-rtt-dco:
    cmd: python scripts/extract_trial_frame.py 
      /Users/raeed/Library/CloudStorage/OneDrive-UniversityofPittsburgh/0-projects/cst-rtt/cst-data/smile_format/Dwight/2025-01-01/Dwight_2025-01-01_reward-type-medium-cst-rtt-dco_sorted.mat
      --out 
      data/trialframe/Dwight/2025-01-01/blocks/Dwight_2025-01-01_reward-type-medium-cst-rtt-dco_tf.parquet
      --block reward-type-medium-cst-rtt-dco --logdir logs --loglevel INFO --bin_size
      10ms --min_firing_rate 0.1 --max_spike_coincidence 0.2 --rate_artifact_threshold
      350
    deps:
    - path: 
        /Users/raeed/Library/CloudStorage/OneDrive-UniversityofPittsburgh/0-projects/cst-rtt/cst-data/smile_format/Dwight/2025-01-01/Dwight_2025-01-01_reward-type-medium-cst-rtt-dco_sorted.mat
      hash: md5
      md5: 3c76917117c00444f9208fc43f478bbf
      size: 931872122
      isexec: true
    - path: /Users/raeed/codebase/0-projects/smile-extraction/smile_extract
      hash: md5
      md5: 709e574e715a99045ea28ab465a5b1e0.dir
      size: 83276
      nfiles: 27
    - path: scripts/extract_trial_frame.py
      hash: md5
      md5: 9b04ca62fea980ecb91c207c0569b490
      size: 2677
    params:
      params.yaml:
        extract:
          bin_size: 10ms
          min_firing_rate: 0.1
          max_spike_coincidence: 0.2
          rate_artifact_threshold: 350
        logging:
          logdir: logs
          loglevel: INFO
    outs:
    - path: 
        data/trialframe/Dwight/2025-01-01/blocks/Dwight_2025-01-01_reward-type-medium-cst-rtt-dco_tf.parquet
      hash: md5
      md5: 1b2732df1fa5ca8097b978289a70d8a6
      size: 7946439
    - path: logs/extract/Dwight_2025-01-01_reward-type-medium-cst-rtt-dco_tf.log
      hash: md5
      md5: b8c62ac68e88228df9b3165ccd2e2fd1
      size: 947
  extract_dwight@2025-01-01-reward-type-medium-large-cst-rtt-dco:
    cmd: python scripts/extract_trial_frame.py 
      /Users/raeed/Library/CloudStorage/OneDrive-UniversityofPittsburgh/0-projects/cst-rtt/cst-data/smile_format/Dwight/2025-01-01/Dwight_2025-01-01_reward-type-medium-large-cst-rtt-dco_sorted.mat
      --out 
      data/trialframe/Dwight/2025-01-01/blocks/Dwight_2025-01-01_reward-type-medium-large-cst-rtt-dco_tf.parquet
      --block reward-type-medium-large-cst-rtt-dco --logdir logs --loglevel INFO --bin_size
      10ms --min_firing_rate 0.1 --max_spike_coincidence 0.2 --rate_artifact_threshold
      350
    deps:
    - path: 
        /Users/raeed/Library/CloudStorage/OneDrive-UniversityofPittsburgh/0-projects/cst-rtt/cst-data/smile_format/Dwight/2025-01-01/Dwight_2025-01-01_reward-type-medium-large-cst-rtt-dco_sorted.mat
      hash: md5
      md5: 297e47f6a26f5c79a99d23e6caa6108e
      size: 589989254
      isexec: true
    - path: /Users/raeed/codebase/0-projects/smile-extraction/smile_extract
      hash: md5
      md5: 709e574e715a99045ea28ab465a5b1e0.dir
      size: 83276
      nfiles: 27
    - path: scripts/extract_trial_frame.py
      hash: md5
      md5: 9b04ca62fea980ecb91c207c0569b490
      size: 2677
    - path: src/
      hash: md5
      md5: 5bc52eadbcc2240e4a3e0d013ce299e5.dir
      size: 75012
      nfiles: 18
    params:
      params.yaml:
        extract:
          bin_size: 10ms
          min_firing_rate: 0.1
          max_spike_coincidence: 0.2
          rate_artifact_threshold: 350
        logging:
          logdir: logs
          loglevel: INFO
    outs:
    - path: 
        data/trialframe/Dwight/2025-01-01/blocks/Dwight_2025-01-01_reward-type-medium-large-cst-rtt-dco_tf.parquet
      hash: md5
      md5: d1cc1aef0c2c1547809398d1796b7759
      size: 5182018
    - path: logs/extract/Dwight_2025-01-01_reward-type-medium-large-cst-rtt-dco_tf.log
      hash: md5
      md5: 3d30abe802798a504484c6522e3f2e01
      size: 966
  extract_dwight@2025-01-01-reward-type-choice:
    cmd: python scripts/extract_trial_frame.py 
      /Users/raeed/Library/CloudStorage/OneDrive-UniversityofPittsburgh/0-projects/cst-rtt/cst-data/smile_format/Dwight/2025-01-01/Dwight_2025-01-01_reward-type-choice_sorted.mat
      --out 
      data/trialframe/Dwight/2025-01-01/blocks/Dwight_2025-01-01_reward-type-choice_tf.parquet
      --block reward-type-choice --logdir logs --loglevel INFO --bin_size 10ms --min_firing_rate
      0.1 --max_spike_coincidence 0.2 --rate_artifact_threshold 350
    deps:
    - path: 
        /Users/raeed/Library/CloudStorage/OneDrive-UniversityofPittsburgh/0-projects/cst-rtt/cst-data/smile_format/Dwight/2025-01-01/Dwight_2025-01-01_reward-type-choice_sorted.mat
      hash: md5
      md5: 0ec20fc03c67588818154034c6c8054f
      size: 617896703
      isexec: true
    - path: /Users/raeed/codebase/0-projects/smile-extraction/smile_extract
      hash: md5
      md5: 709e574e715a99045ea28ab465a5b1e0.dir
      size: 83276
      nfiles: 27
    - path: scripts/extract_trial_frame.py
      hash: md5
      md5: 9b04ca62fea980ecb91c207c0569b490
      size: 2677
    - path: src/
      hash: md5
      md5: 5bc52eadbcc2240e4a3e0d013ce299e5.dir
      size: 75012
      nfiles: 18
    params:
      params.yaml:
        extract:
          bin_size: 10ms
          min_firing_rate: 0.1
          max_spike_coincidence: 0.2
          rate_artifact_threshold: 350
        logging:
          logdir: logs
          loglevel: INFO
    outs:
    - path: 
        data/trialframe/Dwight/2025-01-01/blocks/Dwight_2025-01-01_reward-type-choice_tf.parquet
      hash: md5
      md5: 2da93fcc2205b8011aaa85a85244d998
      size: 5262122
    - path: logs/extract/Dwight_2025-01-01_reward-type-choice_tf.log
      hash: md5
      md5: fbb0218fbd283e55db17554d6f232f74
      size: 912
  extract_prez@2022-07-21-cst-rtt:
    cmd: python scripts/extract_trial_frame.py 
      /Users/raeed/Library/CloudStorage/OneDrive-UniversityofPittsburgh/0-projects/cst-rtt/cst-data/smile_format/Prez/2022-07-21/Prez_2022-07-21_cst-rtt_sorted.mat
      --out data/trialframe/Prez/2022-07-21/blocks/Prez_2022-07-21_cst-rtt_tf.parquet
      --block cst-rtt --logdir logs --loglevel INFO --bin_size 10ms --min_firing_rate
      0.1 --max_spike_coincidence 0.2 --rate_artifact_threshold 350
    deps:
    - path: 
        /Users/raeed/Library/CloudStorage/OneDrive-UniversityofPittsburgh/0-projects/cst-rtt/cst-data/smile_format/Prez/2022-07-21/Prez_2022-07-21_cst-rtt_sorted.mat
      hash: md5
      md5: 84113443de540117ea5727683e9fad1c
      size: 123488532
      isexec: true
    - path: /Users/raeed/codebase/0-projects/smile-extraction/smile_extract
      hash: md5
      md5: 709e574e715a99045ea28ab465a5b1e0.dir
      size: 83276
      nfiles: 27
    - path: scripts/extract_trial_frame.py
      hash: md5
      md5: 9b04ca62fea980ecb91c207c0569b490
      size: 2677
    - path: src/
      hash: md5
      md5: 5bc52eadbcc2240e4a3e0d013ce299e5.dir
      size: 75012
      nfiles: 18
    params:
      params.yaml:
        extract:
          bin_size: 10ms
          min_firing_rate: 0.1
          max_spike_coincidence: 0.2
          rate_artifact_threshold: 350
        logging:
          logdir: logs
          loglevel: INFO
    outs:
    - path: data/trialframe/Prez/2022-07-21/blocks/Prez_2022-07-21_cst-rtt_tf.parquet
      hash: md5
      md5: b24ed58b046c38e40f6ccc32a3790160
      size: 10734307
    - path: logs/extract/Prez_2022-07-21_cst-rtt_tf.log
      hash: md5
      md5: 1a84a0bdfd9c112d1bc9a81c51c2ff10
      size: 865
  combine_session@1:
    cmd: python scripts/combine_session.py data/trialframe/Dwight/2025-01-01/blocks/
      --out data/trialframe/Dwight/2025-01-01/Dwight_2025-01-01_tf.parquet --logdir
      logs --loglevel INFO
    deps:
    - path: data/trialframe/Dwight/2025-01-01/blocks/
      hash: md5
      md5: d5e54c46777f43bb0f546e939892c1e5.dir
      size: 18390914
      nfiles: 4
    - path: scripts/combine_session.py
      hash: md5
      md5: 91e9651e49fd16de9262c1f70e84047d
      size: 1623
    params:
      params.yaml:
        logging:
          logdir: logs
          loglevel: INFO
    outs:
    - path: data/trialframe/Dwight/2025-01-01/Dwight_2025-01-01_tf.parquet
      hash: md5
      md5: 97f29fe64d7fd15684daa34951709b1d
      size: 16852444
    - path: logs/combine/Dwight_2025-01-01_tf.log
      hash: md5
      md5: 617ce59db0f35c0a56db4939c929607e
      size: 183
  combine_session@2:
    cmd: python scripts/combine_session.py data/trialframe/Dwight/2025-01-07/blocks/
      --out data/trialframe/Dwight/2025-01-07/Dwight_2025-01-07_tf.parquet --logdir
      logs --loglevel INFO
    deps:
    - path: data/trialframe/Dwight/2025-01-07/blocks/
      hash: md5
      md5: 5398b334dee928ca8f7ba41255a86a28.dir
      size: 13543602
      nfiles: 4
    - path: scripts/combine_session.py
      hash: md5
      md5: 91e9651e49fd16de9262c1f70e84047d
      size: 1623
    params:
      params.yaml:
        logging:
          logdir: logs
          loglevel: INFO
    outs:
    - path: data/trialframe/Dwight/2025-01-07/Dwight_2025-01-07_tf.parquet
      hash: md5
      md5: 0fee6ab0657ff10e8e34781bcb37b373
      size: 12545099
    - path: logs/combine/Dwight_2025-01-07_tf.log
      hash: md5
      md5: d135979d9cad417611bfee1beb12ab8e
      size: 183
  context_axis@1:
    cmd: python scripts/get_context_axis.py data/trialframe/Dwight/2025-01-01/Dwight_2025-01-01_tf.parquet
      --out results/context_axis/Dwight/2025-01-01/Dwight_2025-01-01_context_axis.svg
      --logdir logs --loglevel INFO
    deps:
    - path: data/trialframe/Dwight/2025-01-01/Dwight_2025-01-01_tf.parquet
      hash: md5
      md5: 97f29fe64d7fd15684daa34951709b1d
      size: 16852444
    - path: scripts/get_context_axis.py
      hash: md5
      md5: dace6785a22b676254fb1c55e1491d53
      size: 3948
    - path: src/
      hash: md5
      md5: c7736160c8c335293d383d7102992e31.dir
      size: 75100
      nfiles: 18
    params:
      params.yaml:
        logging:
          logdir: logs
          loglevel: INFO
    outs:
    - path: logs/context_axis/Dwight_2025-01-01_context_axis.log
      hash: md5
      md5: 95dc8fafc46328b8df2fa929408c3e89
      size: 249
    - path: results/context_axis/Dwight/2025-01-01/Dwight_2025-01-01_context_axis.svg
      hash: md5
      md5: ddb5fc0754629be4b27c158242fdeeea
      size: 1411522
  context_axis@2:
    cmd: python scripts/get_context_axis.py data/trialframe/Dwight/2025-01-07/Dwight_2025-01-07_tf.parquet
      --out results/context_axis/Dwight/2025-01-07/Dwight_2025-01-07_context_axis.svg
      --logdir logs --loglevel INFO
    deps:
    - path: data/trialframe/Dwight/2025-01-07/Dwight_2025-01-07_tf.parquet
      hash: md5
      md5: 0fee6ab0657ff10e8e34781bcb37b373
      size: 12545099
    - path: scripts/get_context_axis.py
      hash: md5
      md5: dace6785a22b676254fb1c55e1491d53
      size: 3948
    - path: src/
      hash: md5
      md5: c7736160c8c335293d383d7102992e31.dir
      size: 75100
      nfiles: 18
    params:
      params.yaml:
        logging:
          logdir: logs
          loglevel: INFO
    outs:
    - path: logs/context_axis/Dwight_2025-01-07_context_axis.log
      hash: md5
      md5: 9bca71d2872b7d694453cf6aa892c4cb
      size: 249
    - path: results/context_axis/Dwight/2025-01-07/Dwight_2025-01-07_context_axis.svg
      hash: md5
      md5: 91982e0b038905b3097023fa990fcf98
      size: 1242115
  cross_task_decoding@0:
    cmd: python scripts/cross_task_decoding.py data/trialframe/Prez/2022-07-21/Prez_2022-07-21_tf.parquet
      --out results/cross-task-decoding/Prez/2022-07-21/ --logdir logs --loglevel
      INFO
    deps:
    - path: data/trialframe/Prez/2022-07-21/Prez_2022-07-21_tf.parquet
      hash: md5
      md5: b24ed58b046c38e40f6ccc32a3790160
      size: 10734307
    - path: scripts/cross_task_decoding.py
      hash: md5
      md5: 20a98b8a017e285a248a770ae39e9e71
      size: 8162
    - path: src/
      hash: md5
      md5: c7736160c8c335293d383d7102992e31.dir
      size: 75100
      nfiles: 18
    params:
      params.yaml:
        logging:
          logdir: logs
          loglevel: INFO
    outs:
    - path: logs/cross-task-decoding/Prez_2022-07-21_cross-task-decoding.log
      hash: md5
      md5: d41d8cd98f00b204e9800998ecf8427e
      size: 0
    - path: 
        results/cross-task-decoding/Prez/2022-07-21/Prez_2022-07-21_decoder-task-score-heatmap.svg
      hash: md5
      md5: a209b711914e762dd4baace4fc46f91f
      size: 25070
    - path: 
        results/cross-task-decoding/Prez/2022-07-21/Prez_2022-07-21_decoder-trial-scores-scatter.svg
      hash: md5
      md5: 3dac5037f59b3e233f3f542924cdbd86
      size: 185122
    - path: results/cross-task-decoding/Prez/2022-07-21/trials/
      hash: md5
      md5: 0be2a908c72e4fbf1bc39cfee501a49a.dir
      size: 12159075
      nfiles: 260
  cross_task_decoding@1:
    cmd: python scripts/cross_task_decoding.py data/trialframe/Dwight/2025-01-01/Dwight_2025-01-01_tf.parquet
      --out results/cross-task-decoding/Dwight/2025-01-01/ --logdir logs --loglevel
      INFO
    deps:
    - path: data/trialframe/Dwight/2025-01-01/Dwight_2025-01-01_tf.parquet
      hash: md5
      md5: 97f29fe64d7fd15684daa34951709b1d
      size: 16852444
    - path: scripts/cross_task_decoding.py
      hash: md5
      md5: 20a98b8a017e285a248a770ae39e9e71
      size: 8162
    - path: src/
      hash: md5
      md5: c7736160c8c335293d383d7102992e31.dir
      size: 75100
      nfiles: 18
    params:
      params.yaml:
        logging:
          logdir: logs
          loglevel: INFO
    outs:
    - path: logs/cross-task-decoding/Dwight_2025-01-01_cross-task-decoding.log
      hash: md5
      md5: d41d8cd98f00b204e9800998ecf8427e
      size: 0
    - path: 
        results/cross-task-decoding/Dwight/2025-01-01/Dwight_2025-01-01_decoder-task-score-heatmap.svg
      hash: md5
      md5: eb26c4888123e4f494430134b5fec756
      size: 24845
    - path: 
        results/cross-task-decoding/Dwight/2025-01-01/Dwight_2025-01-01_decoder-trial-scores-scatter.svg
      hash: md5
      md5: 83b73b97f0e90b6d5e63f8153dc44e80
      size: 230890
    - path: results/cross-task-decoding/Dwight/2025-01-01/trials/
      hash: md5
      md5: cb4235862ae20fa34a5d943fa6338f06.dir
      size: 16345533
      nfiles: 364
  cross_task_decoding@2:
    cmd: python scripts/cross_task_decoding.py data/trialframe/Dwight/2025-01-07/Dwight_2025-01-07_tf.parquet
      --out results/cross-task-decoding/Dwight/2025-01-07/ --logdir logs --loglevel
      INFO
    deps:
    - path: data/trialframe/Dwight/2025-01-07/Dwight_2025-01-07_tf.parquet
      hash: md5
      md5: 0fee6ab0657ff10e8e34781bcb37b373
      size: 12545099
    - path: scripts/cross_task_decoding.py
      hash: md5
      md5: 20a98b8a017e285a248a770ae39e9e71
      size: 8162
    - path: src/
      hash: md5
      md5: c7736160c8c335293d383d7102992e31.dir
      size: 75100
      nfiles: 18
    params:
      params.yaml:
        logging:
          logdir: logs
          loglevel: INFO
    outs:
    - path: logs/cross-task-decoding/Dwight_2025-01-07_cross-task-decoding.log
      hash: md5
      md5: d41d8cd98f00b204e9800998ecf8427e
      size: 0
    - path: 
        results/cross-task-decoding/Dwight/2025-01-07/Dwight_2025-01-07_decoder-task-score-heatmap.svg
      hash: md5
      md5: 1c3eb1e1df1be50d808031ab4fe5c3f6
      size: 25736
    - path: 
        results/cross-task-decoding/Dwight/2025-01-07/Dwight_2025-01-07_decoder-trial-scores-scatter.svg
      hash: md5
      md5: f69b71bda5aee4b68e8e1e50b3d4a04a
      size: 219546
    - path: results/cross-task-decoding/Dwight/2025-01-07/trials/
      hash: md5
      md5: d9ac218c2b833a6a277fb0271fddc96e.dir
      size: 15365462
      nfiles: 344
  prep_lfads_tensors@0:
    cmd: python scripts/prep_lfads_tensors.py data/trialframe/Prez/2022-07-21/Prez_2022-07-21_tf.parquet
      --out data/pre-lfads-tensors/Prez_2022-07-21_tensors.hdf5 --info_path conf/lfads/dataset_info/Prez_2022-07-21.yaml
      --logdir logs --loglevel INFO --window_len 60 --overlap 20
    deps:
    - path: data/trialframe/Prez/2022-07-21/Prez_2022-07-21_tf.parquet
      hash: md5
      md5: b24ed58b046c38e40f6ccc32a3790160
      size: 10734307
    - path: scripts/prep_lfads_tensors.py
      hash: md5
      md5: 7bb88ca1c3b5764f38ac3ae4a6b6c4de
      size: 5468
    - path: src/chop_merge.py
      hash: md5
      md5: b86e60d6bc73d65b0ad800e78f14bf4d
      size: 4112
    - path: src/munge.py
      hash: md5
      md5: 6dcbb0b5f12925ae95f3f1bb9bb5bbce
      size: 1155
    params:
      params.yaml:
        logging:
          logdir: logs
          loglevel: INFO
        prep_lfads_tensors:
          window_len: 60
          overlap: 20
          group_split: false
    outs:
    - path: data/pre-lfads-tensors/Prez_2022-07-21_tensors.hdf5
      hash: md5
      md5: f22e2a449d76853efbb4cba8fc43abd7
      size: 19254083
    - path: logs/prep-lfads-tensors/Prez_2022-07-21_tensors.log
      hash: md5
      md5: 014edadf43341af6150e1123a2ccffe9
      size: 342
  prep_lfads_tensors@1:
    cmd: python scripts/prep_lfads_tensors.py data/trialframe/Dwight/2025-01-01/Dwight_2025-01-01_tf.parquet
      --out data/pre-lfads-tensors/Dwight_2025-01-01_tensors.hdf5 --info_path conf/lfads/dataset_info/Dwight_2025-01-01.yaml
      --logdir logs --loglevel INFO --window_len 60 --overlap 20
    deps:
    - path: data/trialframe/Dwight/2025-01-01/Dwight_2025-01-01_tf.parquet
      hash: md5
      md5: 97f29fe64d7fd15684daa34951709b1d
      size: 16852444
    - path: scripts/prep_lfads_tensors.py
      hash: md5
      md5: 7bb88ca1c3b5764f38ac3ae4a6b6c4de
      size: 5468
    - path: src/chop_merge.py
      hash: md5
      md5: b86e60d6bc73d65b0ad800e78f14bf4d
      size: 4112
    - path: src/munge.py
      hash: md5
      md5: 6dcbb0b5f12925ae95f3f1bb9bb5bbce
      size: 1155
    params:
      params.yaml:
        logging:
          logdir: logs
          loglevel: INFO
        prep_lfads_tensors:
          window_len: 60
          overlap: 20
          group_split: false
    outs:
    - path: data/pre-lfads-tensors/Dwight_2025-01-01_tensors.hdf5
      hash: md5
      md5: d011e4f07593e47cee90fce63b24a200
      size: 29002284
    - path: logs/prep-lfads-tensors/Dwight_2025-01-01_tensors.log
      hash: md5
      md5: c3fe249c960e4b001067bb77c669ae7f
      size: 350
  prep_lfads_tensors@2:
    cmd: python scripts/prep_lfads_tensors.py data/trialframe/Dwight/2025-01-07/Dwight_2025-01-07_tf.parquet
      --out data/pre-lfads-tensors/Dwight_2025-01-07_tensors.hdf5 --info_path conf/lfads/dataset_info/Dwight_2025-01-07.yaml
      --logdir logs --loglevel INFO --window_len 60 --overlap 20
    deps:
    - path: data/trialframe/Dwight/2025-01-07/Dwight_2025-01-07_tf.parquet
      hash: md5
      md5: 0fee6ab0657ff10e8e34781bcb37b373
      size: 12545099
    - path: scripts/prep_lfads_tensors.py
      hash: md5
      md5: 7bb88ca1c3b5764f38ac3ae4a6b6c4de
      size: 5468
    - path: src/chop_merge.py
      hash: md5
      md5: b86e60d6bc73d65b0ad800e78f14bf4d
      size: 4112
    - path: src/munge.py
      hash: md5
      md5: 6dcbb0b5f12925ae95f3f1bb9bb5bbce
      size: 1155
    params:
      params.yaml:
        logging:
          logdir: logs
          loglevel: INFO
        prep_lfads_tensors:
          window_len: 60
          overlap: 20
          group_split: false
    outs:
    - path: data/pre-lfads-tensors/Dwight_2025-01-07_tensors.hdf5
      hash: md5
      md5: 257069feefb652d5b8b2a25c6260126c
      size: 20794505
    - path: logs/prep-lfads-tensors/Dwight_2025-01-07_tensors.log
      hash: md5
      md5: 07f9b181e29c8a8f259c4f774f40aab4
      size: 350
  train_lfads@0:
    cmd: python scripts/train_lfads.py --dataset 'Prez_2022-07-21' --logdir logs --loglevel
      INFO --config ../conf/lfads/lfads-torch.yaml
    deps:
    - path: conf/lfads/
      hash: md5
      md5: 1de98a8e13657f1af1e292dd99c15bdf.dir
      size: 5725
      nfiles: 8
    - path: data/pre-lfads-tensors/Prez_2022-07-21_tensors.hdf5
      hash: md5
      md5: f22e2a449d76853efbb4cba8fc43abd7
      size: 19254083
    - path: scripts/train_lfads.py
      hash: md5
      md5: 9bc23da3fd51d3261558ff1ecfa1520f
      size: 4257
    - path: src/lfads_callbacks.py
      hash: md5
      md5: f1d51c845916be911a53550a8ffc3f28
      size: 9550
    - path: src/lfads_dvc.py
      hash: md5
      md5: dfe8b4f0ff4095f88b84e99c46570b72
      size: 1299
    params:
      params.yaml:
        logging:
          logdir: logs
          loglevel: INFO
        train_lfads:
          config: ../conf/lfads/lfads-torch.yaml
    outs:
    - path: logs/train-lfads/Prez_2022-07-21.log
      hash: md5
      md5: 31ab50b96ba16eddcd72a43a2af28f45
      size: 666
    - path: results/lfads/Prez_2022-07-21/dvclive
      hash: md5
      md5: 6816d0c6407486da32e6de3b98025c47.dir
      size: 7023312
      nfiles: 65
    - path: results/lfads/Prez_2022-07-21/lfads_model.pt
      hash: md5
      md5: 80542030a30693db40ea8736dcc3cfbe
      size: 1070222
    - path: results/lfads/Prez_2022-07-21/lfads_output_Prez_2022-07-21_tensors.h5
      hash: md5
      md5: cad5e15b9fd8f967d3430baa03cac56a
      size: 495873603
    - path: results/lfads/Prez_2022-07-21/lightning_checkpoints
      hash: md5
      md5: fca079f4ddc7b50c67355c71d893fc2f.dir
      size: 6415908
      nfiles: 2
  train_lfads@1:
    cmd: python scripts/train_lfads.py --dataset 'Dwight_2025-01-01' --logdir logs
      --loglevel INFO --config ../conf/lfads/lfads-torch.yaml
    deps:
    - path: conf/lfads/
      hash: md5
      md5: 1de98a8e13657f1af1e292dd99c15bdf.dir
      size: 5725
      nfiles: 8
    - path: data/pre-lfads-tensors/Dwight_2025-01-01_tensors.hdf5
      hash: md5
      md5: d011e4f07593e47cee90fce63b24a200
      size: 29002284
    - path: scripts/train_lfads.py
      hash: md5
      md5: 9bc23da3fd51d3261558ff1ecfa1520f
      size: 4257
    - path: src/lfads_callbacks.py
      hash: md5
      md5: f1d51c845916be911a53550a8ffc3f28
      size: 9550
    - path: src/lfads_dvc.py
      hash: md5
      md5: dfe8b4f0ff4095f88b84e99c46570b72
      size: 1299
    params:
      params.yaml:
        logging:
          logdir: logs
          loglevel: INFO
        train_lfads:
          config: ../conf/lfads/lfads-torch.yaml
    outs:
    - path: logs/train-lfads/Dwight_2025-01-01.log
      hash: md5
      md5: b524ea468a3b169a6711575d27a8a26f
      size: 668
    - path: results/lfads/Dwight_2025-01-01/dvclive
      hash: md5
      md5: f176982770f0ac683896b834f851bab8.dir
      size: 5012495
      nfiles: 59
    - path: results/lfads/Dwight_2025-01-01/lfads_model.pt
      hash: md5
      md5: 5c8d2b0c8fbdcc5f99863027f6f954e0
      size: 1003534
    - path: results/lfads/Dwight_2025-01-01/lfads_output_Dwight_2025-01-01_tensors.h5
      hash: md5
      md5: f4c63cb32f11257bc9535f01965c3708
      size: 715218604
    - path: results/lfads/Dwight_2025-01-01/lightning_checkpoints
      hash: md5
      md5: 32323671b8121265f2a9a56988417e81.dir
      size: 6015780
      nfiles: 2
  train_lfads@2:
    cmd: python scripts/train_lfads.py --dataset 'Dwight_2025-01-07' --logdir logs
      --loglevel INFO --config ../conf/lfads/lfads-torch.yaml
    deps:
    - path: conf/lfads/
      hash: md5
      md5: 1de98a8e13657f1af1e292dd99c15bdf.dir
      size: 5725
      nfiles: 8
    - path: data/pre-lfads-tensors/Dwight_2025-01-07_tensors.hdf5
      hash: md5
      md5: 257069feefb652d5b8b2a25c6260126c
      size: 20794505
    - path: scripts/train_lfads.py
      hash: md5
      md5: 9bc23da3fd51d3261558ff1ecfa1520f
      size: 4257
    - path: src/lfads_callbacks.py
      hash: md5
      md5: f1d51c845916be911a53550a8ffc3f28
      size: 9550
    - path: src/lfads_dvc.py
      hash: md5
      md5: dfe8b4f0ff4095f88b84e99c46570b72
      size: 1299
    params:
      params.yaml:
        logging:
          logdir: logs
          loglevel: INFO
        train_lfads:
          config: ../conf/lfads/lfads-torch.yaml
    outs:
    - path: logs/train-lfads/Dwight_2025-01-07.log
      hash: md5
      md5: 5405d432033208bf6c60dca4202d3254
      size: 668
    - path: results/lfads/Dwight_2025-01-07/dvclive
      hash: md5
      md5: f9bc857875d3e08b00f4a49f668630db.dir
      size: 5579390
      nfiles: 61
    - path: results/lfads/Dwight_2025-01-07/lfads_model.pt
      hash: md5
      md5: c784b8a7d4b9eb2f4bf03a2c20ad8d2d
      size: 982990
    - path: results/lfads/Dwight_2025-01-07/lfads_output_Dwight_2025-01-07_tensors.h5
      hash: md5
      md5: 60552ecdf221d7e5c1cd3ef5b68919d2
      size: 506166825
    - path: results/lfads/Dwight_2025-01-07/lightning_checkpoints
      hash: md5
      md5: 8a720244ff4c4c7ad70d63666d5d3533.dir
      size: 5892516
      nfiles: 2
